
Microsoft Visual Studio Solution File, Format Version 12.00
# Visual Studio Version 17
VisualStudioVersion = 17.11.35327.3
MinimumVisualStudioVersion = 10.0.40219.1
Project("{FAE04EC0-301F-11D3-BF4B-00C04F79EFBC}") = "Information-system-labb3", "Information-system-labb3\Information-system-labb3.csproj", "{937E70FC-D244-4485-93BC-F2FD811281FB}"
EndProject
Global
	GlobalSection(SolutionConfigurationPlatforms) = preSolution
		Debug|Any CPU = Debug|Any CPU
		Release|Any CPU = Release|Any CPU
	EndGlobalSection
	GlobalSection(ProjectConfigurationPlatforms) = postSolution
		{937E70FC-D244-4485-93BC-F2FD811281FB}.Debug|Any CPU.ActiveCfg = Debug|Any CPU
		{937E70FC-D244-4485-93BC-F2FD811281FB}.Debug|Any CPU.Build.0 = Debug|Any CPU
		{937E70FC-D244-4485-93BC-F2FD811281FB}.Release|Any CPU.ActiveCfg = Release|Any CPU
		{937E70FC-D244-4485-93BC-F2FD811281FB}.Release|Any CPU.Build.0 = Release|Any CPU
	EndGlobalSection
	GlobalSection(SolutionProperties) = preSolution
		HideSolutionNode = FALSE
	EndGlobalSection
	GlobalSection(ExtensibilityGlobals) = postSolution
		SolutionGuid = {7DF60BCD-BD72-4C85-AD9E-F87E3699B308}
	EndGlobalSection
EndGlobal
